
Microsoft Visual Studio Solution File, Format Version 12.00
# Visual Studio Version 17
VisualStudioVersion = 17.5.33530.505
MinimumVisualStudioVersion = 10.0.40219.1
Project("{FAE04EC0-301F-11D3-BF4B-00C04F79EFBC}") = "Faultify-Reforged.Core", "Faultify-Reforged\Faultify-Reforged.Core.csproj", "{135BCF6E-D105-40E6-9669-714F18F9231C}"
EndProject
Project("{FAE04EC0-301F-11D3-BF4B-00C04F79EFBC}") = "Faultify-Reforged.CLI", "Faultify-Reforged.CLI\Faultify-Reforged.CLI.csproj", "{C086F347-1B24-4BBD-9E01-9C04977BD214}"
EndProject
Global
	GlobalSection(SolutionConfigurationPlatforms) = preSolution
		Debug|Any CPU = Debug|Any CPU
		Release|Any CPU = Release|Any CPU
	EndGlobalSection
	GlobalSection(ProjectConfigurationPlatforms) = postSolution
		{135BCF6E-D105-40E6-9669-714F18F9231C}.Debug|Any CPU.ActiveCfg = Debug|Any CPU
		{135BCF6E-D105-40E6-9669-714F18F9231C}.Debug|Any CPU.Build.0 = Debug|Any CPU
		{135BCF6E-D105-40E6-9669-714F18F9231C}.Release|Any CPU.ActiveCfg = Release|Any CPU
		{135BCF6E-D105-40E6-9669-714F18F9231C}.Release|Any CPU.Build.0 = Release|Any CPU
		{C086F347-1B24-4BBD-9E01-9C04977BD214}.Debug|Any CPU.ActiveCfg = Debug|Any CPU
		{C086F347-1B24-4BBD-9E01-9C04977BD214}.Debug|Any CPU.Build.0 = Debug|Any CPU
		{C086F347-1B24-4BBD-9E01-9C04977BD214}.Release|Any CPU.ActiveCfg = Release|Any CPU
		{C086F347-1B24-4BBD-9E01-9C04977BD214}.Release|Any CPU.Build.0 = Release|Any CPU
	EndGlobalSection
	GlobalSection(SolutionProperties) = preSolution
		HideSolutionNode = FALSE
	EndGlobalSection
	GlobalSection(ExtensibilityGlobals) = postSolution
		SolutionGuid = {EF0C8FF1-4477-4F67-A7B5-9AD302821AB2}
	EndGlobalSection
EndGlobal
